
Microsoft Visual Studio Solution File, Format Version 12.00
# Visual Studio Version 17
VisualStudioVersion = 17.10.35122.118
MinimumVisualStudioVersion = 10.0.40219.1
Project("{FAE04EC0-301F-11D3-BF4B-00C04F79EFBC}") = "EventManagementSystem.Core", "EventManagementSystem.Core\EventManagementSystem.Core.csproj", "{80C60196-CF8D-4DDB-833D-77687A09216D}"
EndProject
Project("{FAE04EC0-301F-11D3-BF4B-00C04F79EFBC}") = "EventManagementSystem.Infrastructure", "EventManagementSystem.Infrastructure\EventManagementSystem.Infrastructure.csproj", "{443DC9A5-4D9B-4802-86AE-D8F7D850DF7F}"
EndProject
Project("{FAE04EC0-301F-11D3-BF4B-00C04F79EFBC}") = "EventManagementSystem.Web", "EventManagementSystem.Web\EventManagementSystem.Web.csproj", "{EA3FE3FB-9D85-4B2B-88E5-DCE7D94F4B0A}"
EndProject
Global
	GlobalSection(SolutionConfigurationPlatforms) = preSolution
		Debug|Any CPU = Debug|Any CPU
		Release|Any CPU = Release|Any CPU
	EndGlobalSection
	GlobalSection(ProjectConfigurationPlatforms) = postSolution
		{80C60196-CF8D-4DDB-833D-77687A09216D}.Debug|Any CPU.ActiveCfg = Debug|Any CPU
		{80C60196-CF8D-4DDB-833D-77687A09216D}.Debug|Any CPU.Build.0 = Debug|Any CPU
		{80C60196-CF8D-4DDB-833D-77687A09216D}.Release|Any CPU.ActiveCfg = Release|Any CPU
		{80C60196-CF8D-4DDB-833D-77687A09216D}.Release|Any CPU.Build.0 = Release|Any CPU
		{443DC9A5-4D9B-4802-86AE-D8F7D850DF7F}.Debug|Any CPU.ActiveCfg = Debug|Any CPU
		{443DC9A5-4D9B-4802-86AE-D8F7D850DF7F}.Debug|Any CPU.Build.0 = Debug|Any CPU
		{443DC9A5-4D9B-4802-86AE-D8F7D850DF7F}.Release|Any CPU.ActiveCfg = Release|Any CPU
		{443DC9A5-4D9B-4802-86AE-D8F7D850DF7F}.Release|Any CPU.Build.0 = Release|Any CPU
		{EA3FE3FB-9D85-4B2B-88E5-DCE7D94F4B0A}.Debug|Any CPU.ActiveCfg = Debug|Any CPU
		{EA3FE3FB-9D85-4B2B-88E5-DCE7D94F4B0A}.Debug|Any CPU.Build.0 = Debug|Any CPU
		{EA3FE3FB-9D85-4B2B-88E5-DCE7D94F4B0A}.Release|Any CPU.ActiveCfg = Release|Any CPU
		{EA3FE3FB-9D85-4B2B-88E5-DCE7D94F4B0A}.Release|Any CPU.Build.0 = Release|Any CPU
	EndGlobalSection
	GlobalSection(SolutionProperties) = preSolution
		HideSolutionNode = FALSE
	EndGlobalSection
	GlobalSection(ExtensibilityGlobals) = postSolution
		SolutionGuid = {E12CAC0C-FEBF-4283-8458-481E87ACF226}
	EndGlobalSection
EndGlobal
